
Microsoft Visual Studio Solution File, Format Version 12.00
# Visual Studio Version 17
VisualStudioVersion = 17.5.002.0
MinimumVisualStudioVersion = 10.0.40219.1
Project("{9A19103F-16F7-4668-BE54-9A1E7A4F7556}") = "leagues", "leagues.csproj", "{8362AE86-5FE0-401E-BB79-D89A4AA5EABE}"
EndProject
Global
	GlobalSection(SolutionConfigurationPlatforms) = preSolution
		Debug|Any CPU = Debug|Any CPU
		Release|Any CPU = Release|Any CPU
	EndGlobalSection
	GlobalSection(ProjectConfigurationPlatforms) = postSolution
		{8362AE86-5FE0-401E-BB79-D89A4AA5EABE}.Debug|Any CPU.ActiveCfg = Debug|Any CPU
		{8362AE86-5FE0-401E-BB79-D89A4AA5EABE}.Debug|Any CPU.Build.0 = Debug|Any CPU
		{8362AE86-5FE0-401E-BB79-D89A4AA5EABE}.Release|Any CPU.ActiveCfg = Release|Any CPU
		{8362AE86-5FE0-401E-BB79-D89A4AA5EABE}.Release|Any CPU.Build.0 = Release|Any CPU
	EndGlobalSection
	GlobalSection(SolutionProperties) = preSolution
		HideSolutionNode = FALSE
	EndGlobalSection
	GlobalSection(ExtensibilityGlobals) = postSolution
		SolutionGuid = {7BAEA6D3-BC38-4BA9-B3AD-FE8A915162D1}
	EndGlobalSection
EndGlobal
